
Microsoft Visual Studio Solution File, Format Version 12.00
# Visual Studio 15
VisualStudioVersion = 15.0.26124.0
MinimumVisualStudioVersion = 15.0.26124.0
Project("{FAE04EC0-301F-11D3-BF4B-00C04F79EFBC}") = "Todo.Domain", "Todo.Domain\Todo.Domain.csproj", "{8232AD95-B3BB-412D-B83D-48795C1033A8}"
EndProject
Project("{FAE04EC0-301F-11D3-BF4B-00C04F79EFBC}") = "Todo.Domain.Api", "Todo.Domain.Api\Todo.Domain.Api.csproj", "{90C96EEB-2E13-4979-B2DE-29FA13BFD65D}"
EndProject
Project("{FAE04EC0-301F-11D3-BF4B-00C04F79EFBC}") = "Todo.Domain.Tests", "Todo.Domain.Tests\Todo.Domain.Tests.csproj", "{50008ADB-5EAF-4317-97FC-1526E01AA887}"
EndProject
Project("{FAE04EC0-301F-11D3-BF4B-00C04F79EFBC}") = "Todo.Domain.Infra", "Todo.Domain.Infra\Todo.Domain.Infra.csproj", "{1043674F-E4EA-4B44-A85A-99FC8DB31A25}"
EndProject
Global
	GlobalSection(SolutionConfigurationPlatforms) = preSolution
		Debug|Any CPU = Debug|Any CPU
		Debug|x64 = Debug|x64
		Debug|x86 = Debug|x86
		Release|Any CPU = Release|Any CPU
		Release|x64 = Release|x64
		Release|x86 = Release|x86
	EndGlobalSection
	GlobalSection(SolutionProperties) = preSolution
		HideSolutionNode = FALSE
	EndGlobalSection
	GlobalSection(ProjectConfigurationPlatforms) = postSolution
		{8232AD95-B3BB-412D-B83D-48795C1033A8}.Debug|Any CPU.ActiveCfg = Debug|Any CPU
		{8232AD95-B3BB-412D-B83D-48795C1033A8}.Debug|Any CPU.Build.0 = Debug|Any CPU
		{8232AD95-B3BB-412D-B83D-48795C1033A8}.Debug|x64.ActiveCfg = Debug|Any CPU
		{8232AD95-B3BB-412D-B83D-48795C1033A8}.Debug|x64.Build.0 = Debug|Any CPU
		{8232AD95-B3BB-412D-B83D-48795C1033A8}.Debug|x86.ActiveCfg = Debug|Any CPU
		{8232AD95-B3BB-412D-B83D-48795C1033A8}.Debug|x86.Build.0 = Debug|Any CPU
		{8232AD95-B3BB-412D-B83D-48795C1033A8}.Release|Any CPU.ActiveCfg = Release|Any CPU
		{8232AD95-B3BB-412D-B83D-48795C1033A8}.Release|Any CPU.Build.0 = Release|Any CPU
		{8232AD95-B3BB-412D-B83D-48795C1033A8}.Release|x64.ActiveCfg = Release|Any CPU
		{8232AD95-B3BB-412D-B83D-48795C1033A8}.Release|x64.Build.0 = Release|Any CPU
		{8232AD95-B3BB-412D-B83D-48795C1033A8}.Release|x86.ActiveCfg = Release|Any CPU
		{8232AD95-B3BB-412D-B83D-48795C1033A8}.Release|x86.Build.0 = Release|Any CPU
		{90C96EEB-2E13-4979-B2DE-29FA13BFD65D}.Debug|Any CPU.ActiveCfg = Debug|Any CPU
		{90C96EEB-2E13-4979-B2DE-29FA13BFD65D}.Debug|Any CPU.Build.0 = Debug|Any CPU
		{90C96EEB-2E13-4979-B2DE-29FA13BFD65D}.Debug|x64.ActiveCfg = Debug|Any CPU
		{90C96EEB-2E13-4979-B2DE-29FA13BFD65D}.Debug|x64.Build.0 = Debug|Any CPU
		{90C96EEB-2E13-4979-B2DE-29FA13BFD65D}.Debug|x86.ActiveCfg = Debug|Any CPU
		{90C96EEB-2E13-4979-B2DE-29FA13BFD65D}.Debug|x86.Build.0 = Debug|Any CPU
		{90C96EEB-2E13-4979-B2DE-29FA13BFD65D}.Release|Any CPU.ActiveCfg = Release|Any CPU
		{90C96EEB-2E13-4979-B2DE-29FA13BFD65D}.Release|Any CPU.Build.0 = Release|Any CPU
		{90C96EEB-2E13-4979-B2DE-29FA13BFD65D}.Release|x64.ActiveCfg = Release|Any CPU
		{90C96EEB-2E13-4979-B2DE-29FA13BFD65D}.Release|x64.Build.0 = Release|Any CPU
		{90C96EEB-2E13-4979-B2DE-29FA13BFD65D}.Release|x86.ActiveCfg = Release|Any CPU
		{90C96EEB-2E13-4979-B2DE-29FA13BFD65D}.Release|x86.Build.0 = Release|Any CPU
		{50008ADB-5EAF-4317-97FC-1526E01AA887}.Debug|Any CPU.ActiveCfg = Debug|Any CPU
		{50008ADB-5EAF-4317-97FC-1526E01AA887}.Debug|Any CPU.Build.0 = Debug|Any CPU
		{50008ADB-5EAF-4317-97FC-1526E01AA887}.Debug|x64.ActiveCfg = Debug|Any CPU
		{50008ADB-5EAF-4317-97FC-1526E01AA887}.Debug|x64.Build.0 = Debug|Any CPU
		{50008ADB-5EAF-4317-97FC-1526E01AA887}.Debug|x86.ActiveCfg = Debug|Any CPU
		{50008ADB-5EAF-4317-97FC-1526E01AA887}.Debug|x86.Build.0 = Debug|Any CPU
		{50008ADB-5EAF-4317-97FC-1526E01AA887}.Release|Any CPU.ActiveCfg = Release|Any CPU
		{50008ADB-5EAF-4317-97FC-1526E01AA887}.Release|Any CPU.Build.0 = Release|Any CPU
		{50008ADB-5EAF-4317-97FC-1526E01AA887}.Release|x64.ActiveCfg = Release|Any CPU
		{50008ADB-5EAF-4317-97FC-1526E01AA887}.Release|x64.Build.0 = Release|Any CPU
		{50008ADB-5EAF-4317-97FC-1526E01AA887}.Release|x86.ActiveCfg = Release|Any CPU
		{50008ADB-5EAF-4317-97FC-1526E01AA887}.Release|x86.Build.0 = Release|Any CPU
		{1043674F-E4EA-4B44-A85A-99FC8DB31A25}.Debug|Any CPU.ActiveCfg = Debug|Any CPU
		{1043674F-E4EA-4B44-A85A-99FC8DB31A25}.Debug|Any CPU.Build.0 = Debug|Any CPU
		{1043674F-E4EA-4B44-A85A-99FC8DB31A25}.Debug|x64.ActiveCfg = Debug|Any CPU
		{1043674F-E4EA-4B44-A85A-99FC8DB31A25}.Debug|x64.Build.0 = Debug|Any CPU
		{1043674F-E4EA-4B44-A85A-99FC8DB31A25}.Debug|x86.ActiveCfg = Debug|Any CPU
		{1043674F-E4EA-4B44-A85A-99FC8DB31A25}.Debug|x86.Build.0 = Debug|Any CPU
		{1043674F-E4EA-4B44-A85A-99FC8DB31A25}.Release|Any CPU.ActiveCfg = Release|Any CPU
		{1043674F-E4EA-4B44-A85A-99FC8DB31A25}.Release|Any CPU.Build.0 = Release|Any CPU
		{1043674F-E4EA-4B44-A85A-99FC8DB31A25}.Release|x64.ActiveCfg = Release|Any CPU
		{1043674F-E4EA-4B44-A85A-99FC8DB31A25}.Release|x64.Build.0 = Release|Any CPU
		{1043674F-E4EA-4B44-A85A-99FC8DB31A25}.Release|x86.ActiveCfg = Release|Any CPU
		{1043674F-E4EA-4B44-A85A-99FC8DB31A25}.Release|x86.Build.0 = Release|Any CPU
	EndGlobalSection
EndGlobal
